github.com/taikedz/goargs v0.1.0 h1:sZQxiICtvGUMeanPpeGGMdI5dNax2pkF68II6fmyIvk=
github.com/taikedz/goargs v0.1.0/go.mod h1:01YnG0vWB2xf9rQSCtyIDJAxqfU4venZ5rxNkeKNb/Y=
github.com/taikedz/gocheck v1.0.1 h1:IcO3SPoUFW54xZMVO2b+glWQnze1mzmvKQLrZABpz3E=
github.com/taikedz/gocheck v1.0.1/go.mod h1:fDVMV2rQmh7/bZ7CkVk/+yF4dFSjZGiM9Eoov6y6i9s=
